# THIS IS AN AUTOGENERATED FILE. DO NOT EDIT THIS FILE DIRECTLY.
# yarn lockfile v1


"@babel/runtime@^7.0.0-beta.49":
  version "7.0.0-beta.53"
  resolved "https://registry.yarnpkg.com/@babel/runtime/-/runtime-7.0.0-beta.53.tgz#9df22ae34823ce89f790060594b83ee572e2c5d2"
  dependencies:
    core-js "^2.5.7"
    regenerator-runtime "^0.12.0"

"@types/react@^16.4.6":
  version "16.4.6"
  resolved "https://registry.yarnpkg.com/@types/react/-/react-16.4.6.tgz#5024957c6bcef4f02823accf5974faba2e54fada"
  dependencies:
    csstype "^2.2.0"

classnames@^2.2.5:
  version "2.2.6"
  resolved "https://registry.yarnpkg.com/classnames/-/classnames-2.2.6.tgz#43935bffdd291f326dad0a205309b38d00f650ce"

core-js@^2.5.7:
  version "2.5.7"
  resolved "https://registry.yarnpkg.com/core-js/-/core-js-2.5.7.tgz#f972608ff0cead68b841a16a932d0b183791814e"

csstype@^2.2.0:
  version "2.5.5"
  resolved "https://registry.yarnpkg.com/csstype/-/csstype-2.5.5.tgz#4125484a3d42189a863943f23b9e4b80fedfa106"

hoist-non-react-statics@^2.5.0:
  version "2.5.5"
  resolved "https://registry.yarnpkg.com/hoist-non-react-statics/-/hoist-non-react-statics-2.5.5.tgz#c5903cf409c0dfd908f388e619d86b9c1174cb47"

"js-tokens@^3.0.0 || ^4.0.0":
  version "4.0.0"
  resolved "https://registry.yarnpkg.com/js-tokens/-/js-tokens-4.0.0.tgz#19203fb59991df98e3a287050d4647cdeaf32499"

keyboard-key@^1.0.1:
  version "1.0.1"
  resolved "https://registry.yarnpkg.com/keyboard-key/-/keyboard-key-1.0.1.tgz#a946294fe59ad5431c63a3ea269f023e51fac6aa"

lodash@^4.17.10:
  version "4.17.10"
  resolved "https://registry.yarnpkg.com/lodash/-/lodash-4.17.10.tgz#1b7793cf7259ea38fb3661d4d38b3260af8ae4e7"

loose-envify@^1.3.1:
  version "1.4.0"
  resolved "https://registry.yarnpkg.com/loose-envify/-/loose-envify-1.4.0.tgz#71ee51fa7be4caec1a63839f7e682d8132d30caf"
  dependencies:
    js-tokens "^3.0.0 || ^4.0.0"

mobx-react@^5.2.3:
  version "5.2.3"
  resolved "https://registry.yarnpkg.com/mobx-react/-/mobx-react-5.2.3.tgz#cdf6141c2fe63377c5813cbd254e8ce0d4676631"
  dependencies:
    hoist-non-react-statics "^2.5.0"
    react-lifecycles-compat "^3.0.2"

mobx@^5.0.3:
  version "5.0.3"
  resolved "https://registry.yarnpkg.com/mobx/-/mobx-5.0.3.tgz#53b97f2a0f9b0dd7774c96249f81bf2d513d8e1c"

object-assign@^4.1.1:
  version "4.1.1"
  resolved "https://registry.yarnpkg.com/object-assign/-/object-assign-4.1.1.tgz#2109adc7965887cfc05cbbd442cac8bfbb360863"

prop-types@^15.6.1:
  version "15.6.2"
  resolved "https://registry.yarnpkg.com/prop-types/-/prop-types-15.6.2.tgz#05d5ca77b4453e985d60fc7ff8c859094a497102"
  dependencies:
    loose-envify "^1.3.1"
    object-assign "^4.1.1"

react-lifecycles-compat@^3.0.2:
  version "3.0.4"
  resolved "https://registry.yarnpkg.com/react-lifecycles-compat/-/react-lifecycles-compat-3.0.4.tgz#4f1a273afdfc8f3488a8c516bfda78f872352362"

regenerator-runtime@^0.12.0:
  version "0.12.0"
  resolved "https://registry.yarnpkg.com/regenerator-runtime/-/regenerator-runtime-0.12.0.tgz#8052ac952d85b10f3425192cd0c53f45cf65c6cb"

semantic-ui-react@^0.82.0:
  version "0.82.0"
  resolved "https://registry.yarnpkg.com/semantic-ui-react/-/semantic-ui-react-0.82.0.tgz#e7145308348520bf2baf0c63a6bfe6bbd830ccdf"
  dependencies:
    "@babel/runtime" "^7.0.0-beta.49"
    classnames "^2.2.5"
    keyboard-key "^1.0.1"
    lodash "^4.17.10"
    prop-types "^15.6.1"
    shallowequal "^1.0.2"

shallowequal@^1.0.2:
  version "1.1.0"
  resolved "https://registry.yarnpkg.com/shallowequal/-/shallowequal-1.1.0.tgz#188d521de95b9087404fd4dcb68b13df0ae4e7f8"
