{
	"name": "@moxb/semui",
	"version": "0.2.0-beta.78",
	"lockfileVersion": 1,
	"requires": true,
	"dependencies": {
		"@jest/types": {
			"version": "25.5.0",
			"resolved": "https://registry.npmjs.org/@jest/types/-/types-25.5.0.tgz",
			"integrity": "sha512-OXD0RgQ86Tu3MazKo8bnrkDRaDXXMGUqd+kTtLtK1Zb7CRzQcaSRPPPV37SvYTdevXEBVxe0HXylEjs8ibkmCw==",
			"dev": true,
			"requires": {
				"@types/istanbul-lib-coverage": "^2.0.0",
				"@types/istanbul-reports": "^1.1.1",
				"@types/yargs": "^15.0.0",
				"chalk": "^3.0.0"
			}
		},
		"@types/cheerio": {
			"version": "0.22.21",
			"resolved": "https://registry.npmjs.org/@types/cheerio/-/cheerio-0.22.21.tgz",
			"integrity": "sha512-aGI3DfswwqgKPiEOTaiHV2ZPC9KEhprpgEbJnv0fZl3SGX0cGgEva1126dGrMC6AJM6v/aihlUgJn9M5DbDZ/Q==",
			"dev": true,
			"requires": {
				"@types/node": "*"
			}
		},
		"@types/color-name": {
			"version": "1.1.1",
			"resolved": "https://registry.npmjs.org/@types/color-name/-/color-name-1.1.1.tgz",
			"integrity": "sha512-rr+OQyAjxze7GgWrSaJwydHStIhHq2lvY3BOC2Mj7KnzI7XK0Uw1TOOdI9lDoajEbSWLiYgoo4f1R51erQfhPQ==",
			"dev": true
		},
		"@types/enzyme": {
			"version": "3.10.5",
			"resolved": "https://registry.npmjs.org/@types/enzyme/-/enzyme-3.10.5.tgz",
			"integrity": "sha512-R+phe509UuUYy9Tk0YlSbipRpfVtIzb/9BHn5pTEtjJTF5LXvUjrIQcZvNyANNEyFrd2YGs196PniNT1fgvOQA==",
			"dev": true,
			"requires": {
				"@types/cheerio": "*",
				"@types/react": "*"
			}
		},
		"@types/istanbul-lib-coverage": {
			"version": "2.0.3",
			"resolved": "https://registry.npmjs.org/@types/istanbul-lib-coverage/-/istanbul-lib-coverage-2.0.3.tgz",
			"integrity": "sha512-sz7iLqvVUg1gIedBOvlkxPlc8/uVzyS5OwGz1cKjXzkl3FpL3al0crU8YGU1WoHkxn0Wxbw5tyi6hvzJKNzFsw==",
			"dev": true
		},
		"@types/istanbul-lib-report": {
			"version": "3.0.0",
			"resolved": "https://registry.npmjs.org/@types/istanbul-lib-report/-/istanbul-lib-report-3.0.0.tgz",
			"integrity": "sha512-plGgXAPfVKFoYfa9NpYDAkseG+g6Jr294RqeqcqDixSbU34MZVJRi/P+7Y8GDpzkEwLaGZZOpKIEmeVZNtKsrg==",
			"dev": true,
			"requires": {
				"@types/istanbul-lib-coverage": "*"
			}
		},
		"@types/istanbul-reports": {
			"version": "1.1.2",
			"resolved": "https://registry.npmjs.org/@types/istanbul-reports/-/istanbul-reports-1.1.2.tgz",
			"integrity": "sha512-P/W9yOX/3oPZSpaYOCQzGqgCQRXn0FFO/V8bWrCQs+wLmvVVxk6CRBXALEvNs9OHIatlnlFokfhuDo2ug01ciw==",
			"dev": true,
			"requires": {
				"@types/istanbul-lib-coverage": "*",
				"@types/istanbul-lib-report": "*"
			}
		},
		"@types/jest": {
			"version": "26.0.13",
			"resolved": "https://registry.npmjs.org/@types/jest/-/jest-26.0.13.tgz",
			"integrity": "sha512-sCzjKow4z9LILc6DhBvn5AkIfmQzDZkgtVVKmGwVrs5tuid38ws281D4l+7x1kP487+FlKDh5kfMZ8WSPAdmdA==",
			"dev": true,
			"requires": {
				"jest-diff": "^25.2.1",
				"pretty-format": "^25.2.1"
			}
		},
		"@types/node": {
			"version": "14.6.4",
			"resolved": "https://registry.npmjs.org/@types/node/-/node-14.6.4.tgz",
			"integrity": "sha512-Wk7nG1JSaMfMpoMJDKUsWYugliB2Vy55pdjLpmLixeyMi7HizW2I/9QoxsPCkXl3dO+ZOVqPumKaDUv5zJu2uQ==",
			"dev": true
		},
		"@types/prop-types": {
			"version": "15.7.3",
			"resolved": "https://registry.npmjs.org/@types/prop-types/-/prop-types-15.7.3.tgz",
			"integrity": "sha512-KfRL3PuHmqQLOG+2tGpRO26Ctg+Cq1E01D2DMriKEATHgWLfeNDmq9e29Q9WIky0dQ3NPkd1mzYH8Lm936Z9qw==",
			"dev": true
		},
		"@types/react": {
			"version": "16.9.49",
			"resolved": "https://registry.npmjs.org/@types/react/-/react-16.9.49.tgz",
			"integrity": "sha512-DtLFjSj0OYAdVLBbyjhuV9CdGVHCkHn2R+xr3XkBvK2rS1Y1tkc14XSGjYgm5Fjjr90AxH9tiSzc1pCFMGO06g==",
			"dev": true,
			"requires": {
				"@types/prop-types": "*",
				"csstype": "^3.0.2"
			}
		},
		"@types/yargs": {
			"version": "15.0.5",
			"resolved": "https://registry.npmjs.org/@types/yargs/-/yargs-15.0.5.tgz",
			"integrity": "sha512-Dk/IDOPtOgubt/IaevIUbTgV7doaKkoorvOyYM2CMwuDyP89bekI7H4xLIwunNYiK9jhCkmc6pUrJk3cj2AB9w==",
			"dev": true,
			"requires": {
				"@types/yargs-parser": "*"
			}
		},
		"@types/yargs-parser": {
			"version": "15.0.0",
			"resolved": "https://registry.npmjs.org/@types/yargs-parser/-/yargs-parser-15.0.0.tgz",
			"integrity": "sha512-FA/BWv8t8ZWJ+gEOnLLd8ygxH/2UFbAvgEonyfN6yWGLKc7zVjbpl2Y4CTjid9h2RfgPP6SEt6uHwEOply00yw==",
			"dev": true
		},
		"airbnb-prop-types": {
			"version": "2.16.0",
			"resolved": "https://registry.npmjs.org/airbnb-prop-types/-/airbnb-prop-types-2.16.0.tgz",
			"integrity": "sha512-7WHOFolP/6cS96PhKNrslCLMYAI8yB1Pp6u6XmxozQOiZbsI5ycglZr5cHhBFfuRcQQjzCMith5ZPZdYiJCxUg==",
			"dev": true,
			"requires": {
				"array.prototype.find": "^2.1.1",
				"function.prototype.name": "^1.1.2",
				"is-regex": "^1.1.0",
				"object-is": "^1.1.2",
				"object.assign": "^4.1.0",
				"object.entries": "^1.1.2",
				"prop-types": "^15.7.2",
				"prop-types-exact": "^1.2.0",
				"react-is": "^16.13.1"
			},
			"dependencies": {
				"react-is": {
					"version": "16.13.1",
					"resolved": "https://registry.npmjs.org/react-is/-/react-is-16.13.1.tgz",
					"integrity": "sha512-24e6ynE2H+OKt4kqsOvNd8kBpV65zoxbA4BVsEOB3ARVWQki/DHzaUoC5KuON/BiccDaCCTZBuOcfZs70kR8bQ==",
					"dev": true
				}
			}
		},
		"ansi-regex": {
			"version": "5.0.0",
			"resolved": "https://registry.npmjs.org/ansi-regex/-/ansi-regex-5.0.0.tgz",
			"integrity": "sha512-bY6fj56OUQ0hU1KjFNDQuJFezqKdrAyFdIevADiqrWHwSlbmBNMHp5ak2f40Pm8JTFyM2mqxkG6ngkHO11f/lg==",
			"dev": true
		},
		"ansi-styles": {
			"version": "4.2.1",
			"resolved": "https://registry.npmjs.org/ansi-styles/-/ansi-styles-4.2.1.tgz",
			"integrity": "sha512-9VGjrMsG1vePxcSweQsN20KY/c4zN0h9fLjqAbwbPfahM3t+NL+M9HC8xeXG2I8pX5NoamTGNuomEUFI7fcUjA==",
			"dev": true,
			"requires": {
				"@types/color-name": "^1.1.1",
				"color-convert": "^2.0.1"
			}
		},
		"array.prototype.find": {
			"version": "2.1.1",
			"resolved": "https://registry.npmjs.org/array.prototype.find/-/array.prototype.find-2.1.1.tgz",
			"integrity": "sha512-mi+MYNJYLTx2eNYy+Yh6raoQacCsNeeMUaspFPh9Y141lFSsWxxB8V9mM2ye+eqiRs917J6/pJ4M9ZPzenWckA==",
			"dev": true,
			"requires": {
				"define-properties": "^1.1.3",
				"es-abstract": "^1.17.4"
			}
		},
		"chalk": {
			"version": "3.0.0",
			"resolved": "https://registry.npmjs.org/chalk/-/chalk-3.0.0.tgz",
			"integrity": "sha512-4D3B6Wf41KOYRFdszmDqMCGq5VV/uMAB273JILmO+3jAlh8X4qDtdtgCR3fxtbLEMzSx22QdhnDcJvu2u1fVwg==",
			"dev": true,
			"requires": {
				"ansi-styles": "^4.1.0",
				"supports-color": "^7.1.0"
			}
		},
		"color-convert": {
			"version": "2.0.1",
			"resolved": "https://registry.npmjs.org/color-convert/-/color-convert-2.0.1.tgz",
			"integrity": "sha512-RRECPsj7iu/xb5oKYcsFHSppFNnsj/52OVTRKb4zP5onXwVF3zVmmToNcOfGC+CRDpfK/U584fMg38ZHCaElKQ==",
			"dev": true,
			"requires": {
				"color-name": "~1.1.4"
			}
		},
		"color-name": {
			"version": "1.1.4",
			"resolved": "https://registry.npmjs.org/color-name/-/color-name-1.1.4.tgz",
			"integrity": "sha512-dOy+3AuW3a2wNbZHIuMZpTcgjGuLU/uBL/ubcZF9OXbDo8ff4O8yVp5Bf0efS8uEoYo5q4Fx7dY9OgQGXgAsQA==",
			"dev": true
		},
		"csstype": {
			"version": "3.0.3",
			"resolved": "https://registry.npmjs.org/csstype/-/csstype-3.0.3.tgz",
			"integrity": "sha512-jPl+wbWPOWJ7SXsWyqGRk3lGecbar0Cb0OvZF/r/ZU011R4YqiRehgkQ9p4eQfo9DSDLqLL3wHwfxeJiuIsNag==",
			"dev": true
		},
		"define-properties": {
			"version": "1.1.3",
			"resolved": "https://registry.npmjs.org/define-properties/-/define-properties-1.1.3.tgz",
			"integrity": "sha512-3MqfYKj2lLzdMSf8ZIZE/V+Zuy+BgD6f164e8K2w7dgnpKArBDerGYpM46IYYcjnkdPNMjPk9A6VFB8+3SKlXQ==",
			"dev": true,
			"requires": {
				"object-keys": "^1.0.12"
			}
		},
		"diff-sequences": {
			"version": "25.2.6",
			"resolved": "https://registry.npmjs.org/diff-sequences/-/diff-sequences-25.2.6.tgz",
			"integrity": "sha512-Hq8o7+6GaZeoFjtpgvRBUknSXNeJiCx7V9Fr94ZMljNiCr9n9L8H8aJqgWOQiDDGdyn29fRNcDdRVJ5fdyihfg==",
			"dev": true
		},
		"enzyme-adapter-react-16": {
			"version": "1.15.4",
			"resolved": "https://registry.npmjs.org/enzyme-adapter-react-16/-/enzyme-adapter-react-16-1.15.4.tgz",
			"integrity": "sha512-wPzxs+JaGDK2TPYzl5a9YWGce6i2SQ3Cg51ScLeyj2WotUZ8Obcq1ke/U1Y2VGpYlb9rrX2yCjzSMgtKCeAt5w==",
			"dev": true,
			"requires": {
				"enzyme-adapter-utils": "^1.13.1",
				"enzyme-shallow-equal": "^1.0.4",
				"has": "^1.0.3",
				"object.assign": "^4.1.0",
				"object.values": "^1.1.1",
				"prop-types": "^15.7.2",
				"react-is": "^16.13.1",
				"react-test-renderer": "^16.0.0-0",
				"semver": "^5.7.0"
			},
			"dependencies": {
				"react-is": {
					"version": "16.13.1",
					"resolved": "https://registry.npmjs.org/react-is/-/react-is-16.13.1.tgz",
					"integrity": "sha512-24e6ynE2H+OKt4kqsOvNd8kBpV65zoxbA4BVsEOB3ARVWQki/DHzaUoC5KuON/BiccDaCCTZBuOcfZs70kR8bQ==",
					"dev": true
				}
			}
		},
		"enzyme-adapter-utils": {
			"version": "1.13.1",
			"resolved": "https://registry.npmjs.org/enzyme-adapter-utils/-/enzyme-adapter-utils-1.13.1.tgz",
			"integrity": "sha512-5A9MXXgmh/Tkvee3bL/9RCAAgleHqFnsurTYCbymecO4ohvtNO5zqIhHxV370t7nJAwaCfkgtffarKpC0GPt0g==",
			"dev": true,
			"requires": {
				"airbnb-prop-types": "^2.16.0",
				"function.prototype.name": "^1.1.2",
				"object.assign": "^4.1.0",
				"object.fromentries": "^2.0.2",
				"prop-types": "^15.7.2",
				"semver": "^5.7.1"
			}
		},
		"enzyme-shallow-equal": {
			"version": "1.0.4",
			"resolved": "https://registry.npmjs.org/enzyme-shallow-equal/-/enzyme-shallow-equal-1.0.4.tgz",
			"integrity": "sha512-MttIwB8kKxypwHvRynuC3ahyNc+cFbR8mjVIltnmzQ0uKGqmsfO4bfBuLxb0beLNPhjblUEYvEbsg+VSygvF1Q==",
			"dev": true,
			"requires": {
				"has": "^1.0.3",
				"object-is": "^1.1.2"
			}
		},
		"enzyme-to-json": {
			"version": "3.5.0",
			"resolved": "https://registry.npmjs.org/enzyme-to-json/-/enzyme-to-json-3.5.0.tgz",
			"integrity": "sha512-clusXRsiaQhG7+wtyc4t7MU8N3zCOgf4eY9+CeSenYzKlFST4lxerfOvnWd4SNaToKhkuba+w6m242YpQOS7eA==",
			"dev": true,
			"requires": {
				"lodash": "^4.17.15",
				"react-is": "^16.12.0"
			},
			"dependencies": {
				"react-is": {
					"version": "16.13.1",
					"resolved": "https://registry.npmjs.org/react-is/-/react-is-16.13.1.tgz",
					"integrity": "sha512-24e6ynE2H+OKt4kqsOvNd8kBpV65zoxbA4BVsEOB3ARVWQki/DHzaUoC5KuON/BiccDaCCTZBuOcfZs70kR8bQ==",
					"dev": true
				}
			}
		},
		"es-abstract": {
			"version": "1.17.6",
			"resolved": "https://registry.npmjs.org/es-abstract/-/es-abstract-1.17.6.tgz",
			"integrity": "sha512-Fr89bON3WFyUi5EvAeI48QTWX0AyekGgLA8H+c+7fbfCkJwRWRMLd8CQedNEyJuoYYhmtEqY92pgte1FAhBlhw==",
			"dev": true,
			"requires": {
				"es-to-primitive": "^1.2.1",
				"function-bind": "^1.1.1",
				"has": "^1.0.3",
				"has-symbols": "^1.0.1",
				"is-callable": "^1.2.0",
				"is-regex": "^1.1.0",
				"object-inspect": "^1.7.0",
				"object-keys": "^1.1.1",
				"object.assign": "^4.1.0",
				"string.prototype.trimend": "^1.0.1",
				"string.prototype.trimstart": "^1.0.1"
			}
		},
		"es-to-primitive": {
			"version": "1.2.1",
			"resolved": "https://registry.npmjs.org/es-to-primitive/-/es-to-primitive-1.2.1.tgz",
			"integrity": "sha512-QCOllgZJtaUo9miYBcLChTUaHNjJF3PYs1VidD7AwiEj1kYxKeQTctLAezAOH5ZKRH0g2IgPn6KwB4IT8iRpvA==",
			"dev": true,
			"requires": {
				"is-callable": "^1.1.4",
				"is-date-object": "^1.0.1",
				"is-symbol": "^1.0.2"
			}
		},
		"function-bind": {
			"version": "1.1.1",
			"resolved": "https://registry.npmjs.org/function-bind/-/function-bind-1.1.1.tgz",
			"integrity": "sha512-yIovAzMX49sF8Yl58fSCWJ5svSLuaibPxXQJFLmBObTuCr0Mf1KiPopGM9NiFjiYBCbfaa2Fh6breQ6ANVTI0A==",
			"dev": true
		},
		"function.prototype.name": {
			"version": "1.1.2",
			"resolved": "https://registry.npmjs.org/function.prototype.name/-/function.prototype.name-1.1.2.tgz",
			"integrity": "sha512-C8A+LlHBJjB2AdcRPorc5JvJ5VUoWlXdEHLOJdCI7kjHEtGTpHQUiqMvCIKUwIsGwZX2jZJy761AXsn356bJQg==",
			"dev": true,
			"requires": {
				"define-properties": "^1.1.3",
				"es-abstract": "^1.17.0-next.1",
				"functions-have-names": "^1.2.0"
			}
		},
		"functions-have-names": {
			"version": "1.2.1",
			"resolved": "https://registry.npmjs.org/functions-have-names/-/functions-have-names-1.2.1.tgz",
			"integrity": "sha512-j48B/ZI7VKs3sgeI2cZp7WXWmZXu7Iq5pl5/vptV5N2mq+DGFuS/ulaDjtaoLpYzuD6u8UgrUKHfgo7fDTSiBA==",
			"dev": true
		},
		"has": {
			"version": "1.0.3",
			"resolved": "https://registry.npmjs.org/has/-/has-1.0.3.tgz",
			"integrity": "sha512-f2dvO0VU6Oej7RkWJGrehjbzMAjFp5/VKPp5tTpWIV4JHHZK1/BxbFRtf/siA2SWTe09caDmVtYYzWEIbBS4zw==",
			"dev": true,
			"requires": {
				"function-bind": "^1.1.1"
			}
		},
		"has-flag": {
			"version": "4.0.0",
			"resolved": "https://registry.npmjs.org/has-flag/-/has-flag-4.0.0.tgz",
			"integrity": "sha512-EykJT/Q1KjTWctppgIAgfSO0tKVuZUjhgMr17kqTumMl6Afv3EISleU7qZUzoXDFTAHTDC4NOoG/ZxU3EvlMPQ==",
			"dev": true
		},
		"has-symbols": {
			"version": "1.0.1",
			"resolved": "https://registry.npmjs.org/has-symbols/-/has-symbols-1.0.1.tgz",
			"integrity": "sha512-PLcsoqu++dmEIZB+6totNFKq/7Do+Z0u4oT0zKOJNl3lYK6vGwwu2hjHs+68OEZbTjiUE9bgOABXbP/GvrS0Kg==",
			"dev": true
		},
		"is-callable": {
			"version": "1.2.0",
			"resolved": "https://registry.npmjs.org/is-callable/-/is-callable-1.2.0.tgz",
			"integrity": "sha512-pyVD9AaGLxtg6srb2Ng6ynWJqkHU9bEM087AKck0w8QwDarTfNcpIYoU8x8Hv2Icm8u6kFJM18Dag8lyqGkviw==",
			"dev": true
		},
		"is-date-object": {
			"version": "1.0.2",
			"resolved": "https://registry.npmjs.org/is-date-object/-/is-date-object-1.0.2.tgz",
			"integrity": "sha512-USlDT524woQ08aoZFzh3/Z6ch9Y/EWXEHQ/AaRN0SkKq4t2Jw2R2339tSXmwuVoY7LLlBCbOIlx2myP/L5zk0g==",
			"dev": true
		},
		"is-regex": {
			"version": "1.1.1",
			"resolved": "https://registry.npmjs.org/is-regex/-/is-regex-1.1.1.tgz",
			"integrity": "sha512-1+QkEcxiLlB7VEyFtyBg94e08OAsvq7FUBgApTq/w2ymCLyKJgDPsybBENVtA7XCQEgEXxKPonG+mvYRxh/LIg==",
			"dev": true,
			"requires": {
				"has-symbols": "^1.0.1"
			}
		},
		"is-symbol": {
			"version": "1.0.3",
			"resolved": "https://registry.npmjs.org/is-symbol/-/is-symbol-1.0.3.tgz",
			"integrity": "sha512-OwijhaRSgqvhm/0ZdAcXNZt9lYdKFpcRDT5ULUuYXPoT794UNOdU+gpT6Rzo7b4V2HUl/op6GqY894AZwv9faQ==",
			"dev": true,
			"requires": {
				"has-symbols": "^1.0.1"
			}
		},
		"jest-diff": {
			"version": "25.5.0",
			"resolved": "https://registry.npmjs.org/jest-diff/-/jest-diff-25.5.0.tgz",
			"integrity": "sha512-z1kygetuPiREYdNIumRpAHY6RXiGmp70YHptjdaxTWGmA085W3iCnXNx0DhflK3vwrKmrRWyY1wUpkPMVxMK7A==",
			"dev": true,
			"requires": {
				"chalk": "^3.0.0",
				"diff-sequences": "^25.2.6",
				"jest-get-type": "^25.2.6",
				"pretty-format": "^25.5.0"
			}
		},
		"jest-get-type": {
			"version": "25.2.6",
			"resolved": "https://registry.npmjs.org/jest-get-type/-/jest-get-type-25.2.6.tgz",
			"integrity": "sha512-DxjtyzOHjObRM+sM1knti6or+eOgcGU4xVSb2HNP1TqO4ahsT+rqZg+nyqHWJSvWgKC5cG3QjGFBqxLghiF/Ig==",
			"dev": true
		},
		"js-tokens": {
			"version": "4.0.0",
			"resolved": "https://registry.npmjs.org/js-tokens/-/js-tokens-4.0.0.tgz",
			"integrity": "sha512-RdJUflcE3cUzKiMqQgsCu06FPu9UdIJO0beYbPhHN4k6apgJtifcoCtT9bcxOpYBtpD2kCM6Sbzg4CausW/PKQ==",
			"dev": true
		},
		"lodash": {
			"version": "4.17.15",
			"resolved": "https://registry.npmjs.org/lodash/-/lodash-4.17.15.tgz",
			"integrity": "sha512-8xOcRHvCjnocdS5cpwXQXVzmmh5e5+saE2QGoeQmbKmRS6J3VQppPOIt0MnmE+4xlZoumy0GPG0D0MVIQbNA1A==",
			"dev": true
		},
		"loose-envify": {
			"version": "1.4.0",
			"resolved": "https://registry.npmjs.org/loose-envify/-/loose-envify-1.4.0.tgz",
			"integrity": "sha512-lyuxPGr/Wfhrlem2CL/UcnUc1zcqKAImBDzukY7Y5F/yQiNdko6+fRLevlw1HgMySw7f611UIY408EtxRSoK3Q==",
			"dev": true,
			"requires": {
				"js-tokens": "^3.0.0 || ^4.0.0"
			}
		},
		"mobx": {
			"version": "5.13.1",
			"resolved": "https://registry.npmjs.org/mobx/-/mobx-5.13.1.tgz",
			"integrity": "sha512-v29wXJeOw3GpnfDxDAecHdnoBZzTrKju6UZoQxcUDiNHyyo3dBWCkDOiTsmRLf7+VXDfbmnUh9P+XGqXWVOW7Q==",
			"dev": true
		},
		"object-assign": {
			"version": "4.1.1",
			"resolved": "https://registry.npmjs.org/object-assign/-/object-assign-4.1.1.tgz",
			"integrity": "sha1-IQmtx5ZYh8/AXLvUQsrIv7s2CGM=",
			"dev": true
		},
		"object-inspect": {
			"version": "1.8.0",
			"resolved": "https://registry.npmjs.org/object-inspect/-/object-inspect-1.8.0.tgz",
			"integrity": "sha512-jLdtEOB112fORuypAyl/50VRVIBIdVQOSUUGQHzJ4xBSbit81zRarz7GThkEFZy1RceYrWYcPcBFPQwHyAc1gA==",
			"dev": true
		},
		"object-is": {
			"version": "1.1.2",
			"resolved": "https://registry.npmjs.org/object-is/-/object-is-1.1.2.tgz",
			"integrity": "sha512-5lHCz+0uufF6wZ7CRFWJN3hp8Jqblpgve06U5CMQ3f//6iDjPr2PEo9MWCjEssDsa+UZEL4PkFpr+BMop6aKzQ==",
			"dev": true,
			"requires": {
				"define-properties": "^1.1.3",
				"es-abstract": "^1.17.5"
			}
		},
		"object-keys": {
			"version": "1.1.1",
			"resolved": "https://registry.npmjs.org/object-keys/-/object-keys-1.1.1.tgz",
			"integrity": "sha512-NuAESUOUMrlIXOfHKzD6bpPu3tYt3xvjNdRIQ+FeT0lNb4K8WR70CaDxhuNguS2XG+GjkyMwOzsN5ZktImfhLA==",
			"dev": true
		},
		"object.assign": {
			"version": "4.1.0",
			"resolved": "https://registry.npmjs.org/object.assign/-/object.assign-4.1.0.tgz",
			"integrity": "sha512-exHJeq6kBKj58mqGyTQ9DFvrZC/eR6OwxzoM9YRoGBqrXYonaFyGiFMuc9VZrXf7DarreEwMpurG3dd+CNyW5w==",
			"dev": true,
			"requires": {
				"define-properties": "^1.1.2",
				"function-bind": "^1.1.1",
				"has-symbols": "^1.0.0",
				"object-keys": "^1.0.11"
			}
		},
		"object.entries": {
			"version": "1.1.2",
			"resolved": "https://registry.npmjs.org/object.entries/-/object.entries-1.1.2.tgz",
			"integrity": "sha512-BQdB9qKmb/HyNdMNWVr7O3+z5MUIx3aiegEIJqjMBbBf0YT9RRxTJSim4mzFqtyr7PDAHigq0N9dO0m0tRakQA==",
			"dev": true,
			"requires": {
				"define-properties": "^1.1.3",
				"es-abstract": "^1.17.5",
				"has": "^1.0.3"
			}
		},
		"object.fromentries": {
			"version": "2.0.2",
			"resolved": "https://registry.npmjs.org/object.fromentries/-/object.fromentries-2.0.2.tgz",
			"integrity": "sha512-r3ZiBH7MQppDJVLx6fhD618GKNG40CZYH9wgwdhKxBDDbQgjeWGGd4AtkZad84d291YxvWe7bJGuE65Anh0dxQ==",
			"dev": true,
			"requires": {
				"define-properties": "^1.1.3",
				"es-abstract": "^1.17.0-next.1",
				"function-bind": "^1.1.1",
				"has": "^1.0.3"
			}
		},
		"object.values": {
			"version": "1.1.1",
			"resolved": "https://registry.npmjs.org/object.values/-/object.values-1.1.1.tgz",
			"integrity": "sha512-WTa54g2K8iu0kmS/us18jEmdv1a4Wi//BZ/DTVYEcH0XhLM5NYdpDHja3gt57VrZLcNAO2WGA+KpWsDBaHt6eA==",
			"dev": true,
			"requires": {
				"define-properties": "^1.1.3",
				"es-abstract": "^1.17.0-next.1",
				"function-bind": "^1.1.1",
				"has": "^1.0.3"
			}
		},
		"pretty-format": {
			"version": "25.5.0",
			"resolved": "https://registry.npmjs.org/pretty-format/-/pretty-format-25.5.0.tgz",
			"integrity": "sha512-kbo/kq2LQ/A/is0PQwsEHM7Ca6//bGPPvU6UnsdDRSKTWxT/ru/xb88v4BJf6a69H+uTytOEsTusT9ksd/1iWQ==",
			"dev": true,
			"requires": {
				"@jest/types": "^25.5.0",
				"ansi-regex": "^5.0.0",
				"ansi-styles": "^4.0.0",
				"react-is": "^16.12.0"
			},
			"dependencies": {
				"react-is": {
					"version": "16.13.1",
					"resolved": "https://registry.npmjs.org/react-is/-/react-is-16.13.1.tgz",
					"integrity": "sha512-24e6ynE2H+OKt4kqsOvNd8kBpV65zoxbA4BVsEOB3ARVWQki/DHzaUoC5KuON/BiccDaCCTZBuOcfZs70kR8bQ==",
					"dev": true
				}
			}
		},
		"prop-types": {
			"version": "15.7.2",
			"resolved": "https://registry.npmjs.org/prop-types/-/prop-types-15.7.2.tgz",
			"integrity": "sha512-8QQikdH7//R2vurIJSutZ1smHYTcLpRWEOlHnzcWHmBYrOGUysKwSsrC89BCiFj3CbrfJ/nXFdJepOVrY1GCHQ==",
			"dev": true,
			"requires": {
				"loose-envify": "^1.4.0",
				"object-assign": "^4.1.1",
				"react-is": "^16.8.1"
			}
		},
		"prop-types-exact": {
			"version": "1.2.0",
			"resolved": "https://registry.npmjs.org/prop-types-exact/-/prop-types-exact-1.2.0.tgz",
			"integrity": "sha512-K+Tk3Kd9V0odiXFP9fwDHUYRyvK3Nun3GVyPapSIs5OBkITAm15W0CPFD/YKTkMUAbc0b9CUwRQp2ybiBIq+eA==",
			"dev": true,
			"requires": {
				"has": "^1.0.3",
				"object.assign": "^4.1.0",
				"reflect.ownkeys": "^0.2.0"
			}
		},
		"react": {
			"version": "16.13.1",
			"resolved": "https://registry.npmjs.org/react/-/react-16.13.1.tgz",
			"integrity": "sha512-YMZQQq32xHLX0bz5Mnibv1/LHb3Sqzngu7xstSM+vrkE5Kzr9xE0yMByK5kMoTK30YVJE61WfbxIFFvfeDKT1w==",
			"dev": true,
			"requires": {
				"loose-envify": "^1.1.0",
				"object-assign": "^4.1.1",
				"prop-types": "^15.6.2"
			}
		},
		"react-dom": {
			"version": "16.13.1",
			"resolved": "https://registry.npmjs.org/react-dom/-/react-dom-16.13.1.tgz",
			"integrity": "sha512-81PIMmVLnCNLO/fFOQxdQkvEq/+Hfpv24XNJfpyZhTRfO0QcmQIF/PgCa1zCOj2w1hrn12MFLyaJ/G0+Mxtfag==",
			"dev": true,
			"requires": {
				"loose-envify": "^1.1.0",
				"object-assign": "^4.1.1",
				"prop-types": "^15.6.2",
				"scheduler": "^0.19.1"
			},
			"dependencies": {
				"scheduler": {
					"version": "0.19.1",
					"resolved": "https://registry.npmjs.org/scheduler/-/scheduler-0.19.1.tgz",
					"integrity": "sha512-n/zwRWRYSUj0/3g/otKDRPMh6qv2SYMWNq85IEa8iZyAv8od9zDYpGSnpBEjNgcMNq6Scbu5KfIPxNF72R/2EA==",
					"dev": true,
					"requires": {
						"loose-envify": "^1.1.0",
						"object-assign": "^4.1.1"
					}
				}
			}
		},
		"react-is": {
			"version": "16.10.1",
			"resolved": "https://registry.npmjs.org/react-is/-/react-is-16.10.1.tgz",
			"integrity": "sha512-BXUMf9sIOPXXZWqr7+c5SeOKJykyVr2u0UDzEf4LNGc6taGkQe1A9DFD07umCIXz45RLr9oAAwZbAJ0Pkknfaw==",
			"dev": true
		},
		"react-test-renderer": {
			"version": "16.13.1",
			"resolved": "https://registry.npmjs.org/react-test-renderer/-/react-test-renderer-16.13.1.tgz",
			"integrity": "sha512-Sn2VRyOK2YJJldOqoh8Tn/lWQ+ZiKhyZTPtaO0Q6yNj+QDbmRkVFap6pZPy3YQk8DScRDfyqm/KxKYP9gCMRiQ==",
			"dev": true,
			"requires": {
				"object-assign": "^4.1.1",
				"prop-types": "^15.6.2",
				"react-is": "^16.8.6",
				"scheduler": "^0.19.1"
			}
		},
		"reflect.ownkeys": {
			"version": "0.2.0",
			"resolved": "https://registry.npmjs.org/reflect.ownkeys/-/reflect.ownkeys-0.2.0.tgz",
			"integrity": "sha1-dJrO7H8/34tj+SegSAnpDFwLNGA=",
			"dev": true
		},
		"scheduler": {
			"version": "0.19.1",
			"resolved": "https://registry.npmjs.org/scheduler/-/scheduler-0.19.1.tgz",
			"integrity": "sha512-n/zwRWRYSUj0/3g/otKDRPMh6qv2SYMWNq85IEa8iZyAv8od9zDYpGSnpBEjNgcMNq6Scbu5KfIPxNF72R/2EA==",
			"dev": true,
			"requires": {
				"loose-envify": "^1.1.0",
				"object-assign": "^4.1.1"
			}
		},
		"semver": {
			"version": "5.7.1",
			"resolved": "https://registry.npmjs.org/semver/-/semver-5.7.1.tgz",
			"integrity": "sha512-sauaDf/PZdVgrLTNYHRtpXa1iRiKcaebiKQ1BJdpQlWH2lCvexQdX55snPFyK7QzpudqbCI0qXFfOasHdyNDGQ==",
			"dev": true
		},
		"string.prototype.trimend": {
			"version": "1.0.1",
			"resolved": "https://registry.npmjs.org/string.prototype.trimend/-/string.prototype.trimend-1.0.1.tgz",
			"integrity": "sha512-LRPxFUaTtpqYsTeNKaFOw3R4bxIzWOnbQ837QfBylo8jIxtcbK/A/sMV7Q+OAV/vWo+7s25pOE10KYSjaSO06g==",
			"dev": true,
			"requires": {
				"define-properties": "^1.1.3",
				"es-abstract": "^1.17.5"
			}
		},
		"string.prototype.trimstart": {
			"version": "1.0.1",
			"resolved": "https://registry.npmjs.org/string.prototype.trimstart/-/string.prototype.trimstart-1.0.1.tgz",
			"integrity": "sha512-XxZn+QpvrBI1FOcg6dIpxUPgWCPuNXvMD72aaRaUQv1eD4e/Qy8i/hFTe0BUmD60p/QA6bh1avmuPTfNjqVWRw==",
			"dev": true,
			"requires": {
				"define-properties": "^1.1.3",
				"es-abstract": "^1.17.5"
			}
		},
		"supports-color": {
			"version": "7.2.0",
			"resolved": "https://registry.npmjs.org/supports-color/-/supports-color-7.2.0.tgz",
			"integrity": "sha512-qpCAvRl9stuOHveKsn7HncJRvv501qIacKzQlO/+Lwxc9+0q2wLyv4Dfvt80/DPn2pqOBsJdDiogXGR9+OvwRw==",
			"dev": true,
			"requires": {
				"has-flag": "^4.0.0"
			}
		},
		"tslib": {
			"version": "1.10.0",
			"resolved": "https://registry.npmjs.org/tslib/-/tslib-1.10.0.tgz",
			"integrity": "sha512-qOebF53frne81cf0S9B41ByenJ3/IuH8yJKngAX35CmiZySA0khhkovshKK+jGCaMnVomla7gVlIcc3EvKPbTQ==",
			"dev": true
		}
	}
}
