{
	"name": "@moxb/meteor",
	"version": "0.2.0-beta.8",
	"lockfileVersion": 1,
	"requires": true,
	"dependencies": {
		"@types/connect": {
			"version": "3.4.32",
			"resolved": "https://registry.npmjs.org/@types/connect/-/connect-3.4.32.tgz",
			"integrity": "sha512-4r8qa0quOvh7lGD0pre62CAb1oni1OO6ecJLGCezTmhQ8Fz50Arx9RUszryR8KlgK6avuSXvviL6yWyViQABOg==",
			"dev": true,
			"requires": {
				"@types/node": "*"
			}
		},
		"@types/jest": {
			"version": "23.3.1",
			"resolved": "https://registry.npmjs.org/@types/jest/-/jest-23.3.1.tgz",
			"integrity": "sha512-/UMY+2GkOZ27Vrc51pqC5J8SPd39FKt7kkoGAtWJ8s4msj0b15KehDWIiJpWY3/7tLxBQLLzJhIBhnEsXdzpgw==",
			"dev": true
		},
		"@types/meteor": {
			"version": "1.4.16",
			"resolved": "https://registry.npmjs.org/@types/meteor/-/meteor-1.4.16.tgz",
			"integrity": "sha512-1CyORCKUiobZrpSmxaOScvvDITpa2+2+K6aEukFyC6g7s9yy+2kQSMi4r4qs8P3UUcxNbOBfRttNWvL+WeBzYg==",
			"dev": true,
			"requires": {
				"@types/connect": "*",
				"@types/underscore": "*"
			}
		},
		"@types/node": {
			"version": "10.5.8",
			"resolved": "https://registry.npmjs.org/@types/node/-/node-10.5.8.tgz",
			"integrity": "sha512-sWSjw+bYW/2W+1V3m8tVsm9PKJcxk3NHN7oRqNUfEdofKg0Imbdu1dQbFvLKjZQXEDXRN6IfSMACjJ7Wv4NGCQ==",
			"dev": true
		},
		"@types/underscore": {
			"version": "1.8.8",
			"resolved": "https://registry.npmjs.org/@types/underscore/-/underscore-1.8.8.tgz",
			"integrity": "sha512-EquzRwzAAs04anQ8/6MYXFKvHoD+MIlF+gu87EDda7dN9zrKvQYHsc9VFAPB1xY4tUHQVvBMtjsHrvof2EE1Mg==",
			"dev": true
		},
		"mobx": {
			"version": "5.0.3",
			"resolved": "https://registry.npmjs.org/mobx/-/mobx-5.0.3.tgz",
			"integrity": "sha1-U7l/Kg+bDdd3TJYkn4G/LVE9jhw=",
			"dev": true
		}
	}
}
