{
	"name": "@moxb/meteor",
	"version": "0.2.0-beta.9",
	"lockfileVersion": 1,
	"requires": true,
	"dependencies": {
		"@types/connect": {
			"version": "3.4.32",
			"resolved": "https://registry.npmjs.org/@types/connect/-/connect-3.4.32.tgz",
			"integrity": "sha512-4r8qa0quOvh7lGD0pre62CAb1oni1OO6ecJLGCezTmhQ8Fz50Arx9RUszryR8KlgK6avuSXvviL6yWyViQABOg==",
			"dev": true,
			"requires": {
				"@types/node": "*"
			}
		},
		"@types/jest": {
			"version": "23.3.1",
			"resolved": "https://registry.npmjs.org/@types/jest/-/jest-23.3.1.tgz",
			"integrity": "sha512-/UMY+2GkOZ27Vrc51pqC5J8SPd39FKt7kkoGAtWJ8s4msj0b15KehDWIiJpWY3/7tLxBQLLzJhIBhnEsXdzpgw==",
			"dev": true
		},
		"@types/meteor": {
			"version": "1.4.16",
			"resolved": "https://registry.npmjs.org/@types/meteor/-/meteor-1.4.16.tgz",
			"integrity": "sha512-1CyORCKUiobZrpSmxaOScvvDITpa2+2+K6aEukFyC6g7s9yy+2kQSMi4r4qs8P3UUcxNbOBfRttNWvL+WeBzYg==",
			"dev": true,
			"requires": {
				"@types/connect": "*",
				"@types/underscore": "*"
			}
		},
		"@types/node": {
			"version": "10.5.8",
			"resolved": "https://registry.npmjs.org/@types/node/-/node-10.5.8.tgz",
			"integrity": "sha512-sWSjw+bYW/2W+1V3m8tVsm9PKJcxk3NHN7oRqNUfEdofKg0Imbdu1dQbFvLKjZQXEDXRN6IfSMACjJ7Wv4NGCQ==",
			"dev": true
		},
		"@types/underscore": {
			"version": "1.8.8",
			"resolved": "https://registry.npmjs.org/@types/underscore/-/underscore-1.8.8.tgz",
			"integrity": "sha512-EquzRwzAAs04anQ8/6MYXFKvHoD+MIlF+gu87EDda7dN9zrKvQYHsc9VFAPB1xY4tUHQVvBMtjsHrvof2EE1Mg==",
			"dev": true
		},
		"hoist-non-react-statics": {
			"version": "3.1.0",
			"resolved": "https://registry.npmjs.org/hoist-non-react-statics/-/hoist-non-react-statics-3.1.0.tgz",
			"integrity": "sha512-MYcYuROh7SBM69xHGqXEwQqDux34s9tz+sCnxJmN18kgWh6JFdTw/5YdZtqsOdZJXddE/wUpCzfEdDrJj8p0Iw==",
			"dev": true,
			"requires": {
				"react-is": "^16.3.2"
			}
		},
		"mobx": {
			"version": "5.6.0",
			"resolved": "https://registry.npmjs.org/mobx/-/mobx-5.6.0.tgz",
			"integrity": "sha512-xrA0tBnSMANXCDjS2W/6YTasesA8mkg9o+v/Bw/OcbXaRVE6/soVwDMWIh7A6TwMDY4tYQprQJZ5WQN1TRSb3A==",
			"dev": true
		},
		"mobx-react": {
			"version": "5.3.6",
			"resolved": "https://registry.npmjs.org/mobx-react/-/mobx-react-5.3.6.tgz",
			"integrity": "sha512-u0ehjkyMllnt+SQ/G5BACxwi4VkJOqDVauA7cL8UvDi4oLO1ID9Z5c/nudTdIAmtsDDhJSxW85mrgsA2Iv/56Q==",
			"dev": true,
			"requires": {
				"hoist-non-react-statics": "^3.0.0",
				"react-lifecycles-compat": "^3.0.2"
			}
		},
		"react-is": {
			"version": "16.6.3",
			"resolved": "https://registry.npmjs.org/react-is/-/react-is-16.6.3.tgz",
			"integrity": "sha512-u7FDWtthB4rWibG/+mFbVd5FvdI20yde86qKGx4lVUTWmPlSWQ4QxbBIrrs+HnXGbxOUlUzTAP/VDmvCwaP2yA==",
			"dev": true
		},
		"react-lifecycles-compat": {
			"version": "3.0.4",
			"resolved": "https://registry.npmjs.org/react-lifecycles-compat/-/react-lifecycles-compat-3.0.4.tgz",
			"integrity": "sha512-fBASbA6LnOU9dOU2eW7aQ8xmYBSXUIWr+UmF9b1efZBazGNO+rcXT/icdKnYm2pTwcRylVUYwW7H1PHfLekVzA==",
			"dev": true
		}
	}
}
