{
	"name": "@moxb/meteor",
	"version": "0.2.0-beta.30",
	"lockfileVersion": 1,
	"requires": true,
	"dependencies": {
		"@types/connect": {
			"version": "3.4.32",
			"resolved": "https://registry.npmjs.org/@types/connect/-/connect-3.4.32.tgz",
			"integrity": "sha512-4r8qa0quOvh7lGD0pre62CAb1oni1OO6ecJLGCezTmhQ8Fz50Arx9RUszryR8KlgK6avuSXvviL6yWyViQABOg==",
			"dev": true,
			"requires": {
				"@types/node": "*"
			}
		},
		"@types/jest": {
			"version": "24.0.18",
			"resolved": "https://registry.npmjs.org/@types/jest/-/jest-24.0.18.tgz",
			"integrity": "sha512-jcDDXdjTcrQzdN06+TSVsPPqxvsZA/5QkYfIZlq1JMw7FdP5AZylbOc+6B/cuDurctRe+MziUMtQ3xQdrbjqyQ==",
			"dev": true,
			"requires": {
				"@types/jest-diff": "*"
			}
		},
		"@types/jest-diff": {
			"version": "20.0.1",
			"resolved": "https://registry.npmjs.org/@types/jest-diff/-/jest-diff-20.0.1.tgz",
			"integrity": "sha512-yALhelO3i0hqZwhjtcr6dYyaLoCHbAMshwtj6cGxTvHZAKXHsYGdff6E8EPw3xLKY0ELUTQ69Q1rQiJENnccMA==",
			"dev": true
		},
		"@types/meteor": {
			"version": "1.4.32",
			"resolved": "https://registry.npmjs.org/@types/meteor/-/meteor-1.4.32.tgz",
			"integrity": "sha512-SkJ8a5CZ4q+/hQQHkMQm7PMNjQt2c5wlQ6j/6lnO/oh3M1FDTiXg+lfca9kNwVPUhgTP/Gsc8lOiKsyczXq4ag==",
			"dev": true,
			"requires": {
				"@types/connect": "*",
				"@types/react": "*",
				"@types/underscore": "*"
			}
		},
		"@types/node": {
			"version": "12.7.9",
			"resolved": "https://registry.npmjs.org/@types/node/-/node-12.7.9.tgz",
			"integrity": "sha512-P57oKTJ/vYivL2BCfxCC5tQjlS8qW31pbOL6qt99Yrjm95YdHgNZwjrTTjMBh+C2/y6PXIX4oz253+jUzxKKfQ==",
			"dev": true
		},
		"@types/prop-types": {
			"version": "15.7.3",
			"resolved": "https://registry.npmjs.org/@types/prop-types/-/prop-types-15.7.3.tgz",
			"integrity": "sha512-KfRL3PuHmqQLOG+2tGpRO26Ctg+Cq1E01D2DMriKEATHgWLfeNDmq9e29Q9WIky0dQ3NPkd1mzYH8Lm936Z9qw==",
			"dev": true
		},
		"@types/react": {
			"version": "16.9.4",
			"resolved": "https://registry.npmjs.org/@types/react/-/react-16.9.4.tgz",
			"integrity": "sha512-ItGNmJvQ0IvWt8rbk5PLdpdQhvBVxAaXI9hDlx7UMd8Ie1iMIuwMNiKeTfmVN517CdplpyXvA22X4zm4jGGZnw==",
			"dev": true,
			"requires": {
				"@types/prop-types": "*",
				"csstype": "^2.2.0"
			}
		},
		"@types/underscore": {
			"version": "1.9.3",
			"resolved": "https://registry.npmjs.org/@types/underscore/-/underscore-1.9.3.tgz",
			"integrity": "sha512-SwbHKB2DPIDlvYqtK5O+0LFtZAyrUSw4c0q+HWwmH1Ve3KMQ0/5PlV3RX97+3dP7yMrnNQ8/bCWWvQpPl03Mug==",
			"dev": true
		},
		"@types/uuid": {
			"version": "3.4.5",
			"resolved": "https://registry.npmjs.org/@types/uuid/-/uuid-3.4.5.tgz",
			"integrity": "sha512-MNL15wC3EKyw1VLF+RoVO4hJJdk9t/Hlv3rt1OL65Qvuadm4BYo6g9ZJQqoq7X8NBFSsQXgAujWciovh2lpVjA==",
			"dev": true,
			"requires": {
				"@types/node": "*"
			}
		},
		"bson-objectid": {
			"version": "1.3.0",
			"resolved": "https://registry.npmjs.org/bson-objectid/-/bson-objectid-1.3.0.tgz",
			"integrity": "sha512-YcB+lRJEEEIcHNLKyhmHujW7OCVE3+xr9IpEhlprBZnXgF3hqeePeexIsAaOtu1SbkgZRlJVUxvYZ3ngUOyIew==",
			"dev": true
		},
		"clone": {
			"version": "2.1.2",
			"resolved": "https://registry.npmjs.org/clone/-/clone-2.1.2.tgz",
			"integrity": "sha1-G39Ln1kfHo+DZwQBYANFoCiHQ18=",
			"dev": true
		},
		"csstype": {
			"version": "2.6.6",
			"resolved": "https://registry.npmjs.org/csstype/-/csstype-2.6.6.tgz",
			"integrity": "sha512-RpFbQGUE74iyPgvr46U9t1xoQBM8T4BL8SxrN66Le2xYAPSaDJJKeztV3awugusb3g3G9iL8StmkBBXhcbbXhg==",
			"dev": true
		},
		"debug": {
			"version": "2.6.9",
			"resolved": "https://registry.npmjs.org/debug/-/debug-2.6.9.tgz",
			"integrity": "sha512-bC7ElrdJaJnPbAP+1EotYvqZsb3ecl5wi6Bfi6BJTUcNowp6cvspg0jXznRTKDjm/E7AdgFBVeAPVMNcKGsHMA==",
			"dev": true,
			"requires": {
				"ms": "2.0.0"
			}
		},
		"deep-equal": {
			"version": "1.1.0",
			"resolved": "https://registry.npmjs.org/deep-equal/-/deep-equal-1.1.0.tgz",
			"integrity": "sha512-ZbfWJq/wN1Z273o7mUSjILYqehAktR2NVoSrOukDkU9kg2v/Uv89yU4Cvz8seJeAmtN5oqiefKq8FPuXOboqLw==",
			"dev": true,
			"requires": {
				"is-arguments": "^1.0.4",
				"is-date-object": "^1.0.1",
				"is-regex": "^1.0.4",
				"object-is": "^1.0.1",
				"object-keys": "^1.1.1",
				"regexp.prototype.flags": "^1.2.0"
			}
		},
		"define-properties": {
			"version": "1.1.3",
			"resolved": "https://registry.npmjs.org/define-properties/-/define-properties-1.1.3.tgz",
			"integrity": "sha512-3MqfYKj2lLzdMSf8ZIZE/V+Zuy+BgD6f164e8K2w7dgnpKArBDerGYpM46IYYcjnkdPNMjPk9A6VFB8+3SKlXQ==",
			"dev": true,
			"requires": {
				"object-keys": "^1.0.12"
			}
		},
		"function-bind": {
			"version": "1.1.1",
			"resolved": "https://registry.npmjs.org/function-bind/-/function-bind-1.1.1.tgz",
			"integrity": "sha512-yIovAzMX49sF8Yl58fSCWJ5svSLuaibPxXQJFLmBObTuCr0Mf1KiPopGM9NiFjiYBCbfaa2Fh6breQ6ANVTI0A==",
			"dev": true
		},
		"has": {
			"version": "1.0.3",
			"resolved": "https://registry.npmjs.org/has/-/has-1.0.3.tgz",
			"integrity": "sha512-f2dvO0VU6Oej7RkWJGrehjbzMAjFp5/VKPp5tTpWIV4JHHZK1/BxbFRtf/siA2SWTe09caDmVtYYzWEIbBS4zw==",
			"dev": true,
			"requires": {
				"function-bind": "^1.1.1"
			}
		},
		"is-arguments": {
			"version": "1.0.4",
			"resolved": "https://registry.npmjs.org/is-arguments/-/is-arguments-1.0.4.tgz",
			"integrity": "sha512-xPh0Rmt8NE65sNzvyUmWgI1tz3mKq74lGA0mL8LYZcoIzKOzDh6HmrYm3d18k60nHerC8A9Km8kYu87zfSFnLA==",
			"dev": true
		},
		"is-date-object": {
			"version": "1.0.1",
			"resolved": "https://registry.npmjs.org/is-date-object/-/is-date-object-1.0.1.tgz",
			"integrity": "sha1-mqIOtq7rv/d/vTPnTKAbM1gdOhY=",
			"dev": true
		},
		"is-regex": {
			"version": "1.0.4",
			"resolved": "https://registry.npmjs.org/is-regex/-/is-regex-1.0.4.tgz",
			"integrity": "sha1-VRdIm1RwkbCTDglWVM7SXul+lJE=",
			"dev": true,
			"requires": {
				"has": "^1.0.1"
			}
		},
		"lodash": {
			"version": "4.17.15",
			"resolved": "https://registry.npmjs.org/lodash/-/lodash-4.17.15.tgz",
			"integrity": "sha512-8xOcRHvCjnocdS5cpwXQXVzmmh5e5+saE2QGoeQmbKmRS6J3VQppPOIt0MnmE+4xlZoumy0GPG0D0MVIQbNA1A==",
			"dev": true
		},
		"mobx": {
			"version": "5.13.1",
			"resolved": "https://registry.npmjs.org/mobx/-/mobx-5.13.1.tgz",
			"integrity": "sha512-v29wXJeOw3GpnfDxDAecHdnoBZzTrKju6UZoQxcUDiNHyyo3dBWCkDOiTsmRLf7+VXDfbmnUh9P+XGqXWVOW7Q==",
			"dev": true
		},
		"mobx-react": {
			"version": "6.1.3",
			"resolved": "https://registry.npmjs.org/mobx-react/-/mobx-react-6.1.3.tgz",
			"integrity": "sha512-eT/jO9dYIoB1AlZwI2VC3iX0gPOeOIqZsiwg7tDJV1B7Z69h+TZZL3dgOE0UeS2zoHhGeKbP+K+OLeLMnnkGnA==",
			"dev": true,
			"requires": {
				"mobx-react-lite": "1.4.0"
			}
		},
		"mobx-react-lite": {
			"version": "1.4.0",
			"resolved": "https://registry.npmjs.org/mobx-react-lite/-/mobx-react-lite-1.4.0.tgz",
			"integrity": "sha512-5xCuus+QITQpzKOjAOIQ/YxNhOl/En+PlNJF+5QU4Qxn9gnNMJBbweAdEW3HnuVQbfqDYEUnkGs5hmkIIStehg==",
			"dev": true
		},
		"modifyjs": {
			"version": "0.3.1",
			"resolved": "https://registry.npmjs.org/modifyjs/-/modifyjs-0.3.1.tgz",
			"integrity": "sha1-ckaUd/tMRwlx1hemO6G73pqqx88=",
			"dev": true,
			"requires": {
				"clone": "^2.1.1",
				"deep-equal": "^1.0.1"
			}
		},
		"mongo-mock": {
			"version": "3.7.1",
			"resolved": "https://registry.npmjs.org/mongo-mock/-/mongo-mock-3.7.1.tgz",
			"integrity": "sha512-5xjxi6J8nUS15LvqKdEmMhUc0fyWoi5eo6MZ6enTFCB6bI0KoQNT3SB/wseQPUf6xPtqZwx0fFR2Oi0RFuyzyA==",
			"dev": true,
			"requires": {
				"bson-objectid": "^1.2.5",
				"debug": "^2.6.9",
				"lodash": "^4.17.11",
				"modifyjs": "^0.3.1",
				"object-assign-deep": "^0.4.0",
				"sift": "^3.1.1"
			}
		},
		"ms": {
			"version": "2.0.0",
			"resolved": "https://registry.npmjs.org/ms/-/ms-2.0.0.tgz",
			"integrity": "sha1-VgiurfwAvmwpAd9fmGF4jeDVl8g=",
			"dev": true
		},
		"object-assign-deep": {
			"version": "0.4.0",
			"resolved": "https://registry.npmjs.org/object-assign-deep/-/object-assign-deep-0.4.0.tgz",
			"integrity": "sha512-54Uvn3s+4A/cMWx9tlRez1qtc7pN7pbQ+Yi7mjLjcBpWLlP+XbSHiHbQW6CElDiV4OvuzqnMrBdkgxI1mT8V/Q==",
			"dev": true
		},
		"object-is": {
			"version": "1.0.1",
			"resolved": "https://registry.npmjs.org/object-is/-/object-is-1.0.1.tgz",
			"integrity": "sha1-CqYOyZiaCz7Xlc9NBvYs8a1lObY=",
			"dev": true
		},
		"object-keys": {
			"version": "1.1.1",
			"resolved": "https://registry.npmjs.org/object-keys/-/object-keys-1.1.1.tgz",
			"integrity": "sha512-NuAESUOUMrlIXOfHKzD6bpPu3tYt3xvjNdRIQ+FeT0lNb4K8WR70CaDxhuNguS2XG+GjkyMwOzsN5ZktImfhLA==",
			"dev": true
		},
		"regexp.prototype.flags": {
			"version": "1.2.0",
			"resolved": "https://registry.npmjs.org/regexp.prototype.flags/-/regexp.prototype.flags-1.2.0.tgz",
			"integrity": "sha512-ztaw4M1VqgMwl9HlPpOuiYgItcHlunW0He2fE6eNfT6E/CF2FtYi9ofOYe4mKntstYk0Fyh/rDRBdS3AnxjlrA==",
			"dev": true,
			"requires": {
				"define-properties": "^1.1.2"
			}
		},
		"sift": {
			"version": "3.3.12",
			"resolved": "https://registry.npmjs.org/sift/-/sift-3.3.12.tgz",
			"integrity": "sha1-T1zfFq89syr6BKslKXsOIK2YKUo=",
			"dev": true
		},
		"tslib": {
			"version": "1.10.0",
			"resolved": "https://registry.npmjs.org/tslib/-/tslib-1.10.0.tgz",
			"integrity": "sha512-qOebF53frne81cf0S9B41ByenJ3/IuH8yJKngAX35CmiZySA0khhkovshKK+jGCaMnVomla7gVlIcc3EvKPbTQ==",
			"dev": true
		},
		"uuid": {
			"version": "3.3.3",
			"resolved": "https://registry.npmjs.org/uuid/-/uuid-3.3.3.tgz",
			"integrity": "sha512-pW0No1RGHgzlpHJO1nsVrHKpOEIxkGg1xB+v0ZmdNH5OAeAwzAVrCnI2/6Mtx+Uys6iaylxa+D3g4j63IKKjSQ=="
		}
	}
}
