# THIS IS AN AUTOGENERATED FILE. DO NOT EDIT THIS FILE DIRECTLY.
# yarn lockfile v1


"@types/connect@*":
  version "3.4.32"
  resolved "https://registry.yarnpkg.com/@types/connect/-/connect-3.4.32.tgz#aa0e9616b9435ccad02bc52b5b454ffc2c70ba28"
  dependencies:
    "@types/node" "*"

"@types/meteor@^1.4.16":
  version "1.4.16"
  resolved "https://registry.yarnpkg.com/@types/meteor/-/meteor-1.4.16.tgz#ce138281c6117958d5e300634e8da2779dfb92a0"
  dependencies:
    "@types/connect" "*"
    "@types/underscore" "*"

"@types/node@*":
  version "10.5.2"
  resolved "https://registry.yarnpkg.com/@types/node/-/node-10.5.2.tgz#f19f05314d5421fe37e74153254201a7bf00a707"

"@types/underscore@*":
  version "1.8.8"
  resolved "https://registry.yarnpkg.com/@types/underscore/-/underscore-1.8.8.tgz#510fe1ca5e7fa87fccd405b9a8b566d420bc3d1b"

prettier@^1.13.7:
  version "1.13.7"
  resolved "https://registry.yarnpkg.com/prettier/-/prettier-1.13.7.tgz#850f3b8af784a49a6ea2d2eaa7ed1428a34b7281"

tslib@^1.9.3:
  version "1.9.3"
  resolved "https://registry.yarnpkg.com/tslib/-/tslib-1.9.3.tgz#d7e4dd79245d85428c4d7e4822a79917954ca286"

typescript@^2.9.2:
  version "2.9.2"
  resolved "https://registry.yarnpkg.com/typescript/-/typescript-2.9.2.tgz#1cbf61d05d6b96269244eb6a3bce4bd914e0f00c"
