{
  "name": "@moxb/moxb",
  "version": "0.2.0-beta.17",
  "lockfileVersion": 1,
  "requires": true,
  "dependencies": {
    "@types/jest": {
      "version": "23.3.2",
      "resolved": "https://registry.npmjs.org/@types/jest/-/jest-23.3.2.tgz",
      "integrity": "sha512-D1xlXHZpDonVX+VJ28XtcD5xlu8ex6Fc4cQNnrm2wJvlQnbec9RedhCrhQr6kRAE9XWHSec+JPuTmqJ9jC0qsA==",
      "dev": true
    }
  }
}
